Microsoft Visual Studio Solution File, Format Version 12.00
# Visual Studio Version 17
VisualStudioVersion = 17.5.2.0
MinimumVisualStudioVersion = 10.0.40219.1
Project("{FAE04EC0-301F-11D3-BF4B-00C04F79EFBC}") = "task8", "task8.csproj", "{F566BFB1-DAE5-8DBF-337E-6503498D2725}"
EndProject
Global
	GlobalSection(SolutionConfigurationPlatforms) = preSolution
		Debug|Any CPU = Debug|Any CPU
		Release|Any CPU = Release|Any CPU
	EndGlobalSection
	GlobalSection(ProjectConfigurationPlatforms) = postSolution
		{F566BFB1-DAE5-8DBF-337E-6503498D2725}.Debug|Any CPU.ActiveCfg = Debug|Any CPU
		{F566BFB1-DAE5-8DBF-337E-6503498D2725}.Debug|Any CPU.Build.0 = Debug|Any CPU
		{F566BFB1-DAE5-8DBF-337E-6503498D2725}.Release|Any CPU.ActiveCfg = Release|Any CPU
		{F566BFB1-DAE5-8DBF-337E-6503498D2725}.Release|Any CPU.Build.0 = Release|Any CPU
	EndGlobalSection
	GlobalSection(SolutionProperties) = preSolution
		HideSolutionNode = FALSE
	EndGlobalSection
	GlobalSection(ExtensibilityGlobals) = postSolution
		SolutionGuid = {752CB90D-4B98-4148-98FA-7714D3DCA062}
	EndGlobalSection
EndGlobal
