Microsoft Visual Studio Solution File, Format Version 12.00
# Visual Studio Version 17
VisualStudioVersion = 17.5.2.0
MinimumVisualStudioVersion = 10.0.40219.1
Project("{FAE04EC0-301F-11D3-BF4B-00C04F79EFBC}") = "task7", "task7.csproj", "{52C40CE9-DA0F-DE98-7C8D-DF916CFB5C8F}"
EndProject
Global
	GlobalSection(SolutionConfigurationPlatforms) = preSolution
		Debug|Any CPU = Debug|Any CPU
		Release|Any CPU = Release|Any CPU
	EndGlobalSection
	GlobalSection(ProjectConfigurationPlatforms) = postSolution
		{52C40CE9-DA0F-DE98-7C8D-DF916CFB5C8F}.Debug|Any CPU.ActiveCfg = Debug|Any CPU
		{52C40CE9-DA0F-DE98-7C8D-DF916CFB5C8F}.Debug|Any CPU.Build.0 = Debug|Any CPU
		{52C40CE9-DA0F-DE98-7C8D-DF916CFB5C8F}.Release|Any CPU.ActiveCfg = Release|Any CPU
		{52C40CE9-DA0F-DE98-7C8D-DF916CFB5C8F}.Release|Any CPU.Build.0 = Release|Any CPU
	EndGlobalSection
	GlobalSection(SolutionProperties) = preSolution
		HideSolutionNode = FALSE
	EndGlobalSection
	GlobalSection(ExtensibilityGlobals) = postSolution
		SolutionGuid = {7C1E5044-27A4-4227-89B0-DEE5B928AAB3}
	EndGlobalSection
EndGlobal
